// !$*UTF8*$!
{
	archiveVersion = 1;
	classes = {
	};
	objectVersion = 50;
	objects = {

/* Begin PBXBuildFile section */
		024C72CE254ACFD8002C43F1 /* AppDelegate.swift in Sources */ = {isa = PBXBuildFile; fileRef = 024C72CD254ACFD8002C43F1 /* AppDelegate.swift */; };
		024C72D0254ACFD8002C43F1 /* art.scnassets in Resources */ = {isa = PBXBuildFile; fileRef = 024C72CF254ACFD8002C43F1 /* art.scnassets */; };
		024C72D2254ACFD8002C43F1 /* ViewController.swift in Sources */ = {isa = PBXBuildFile; fileRef = 024C72D1254ACFD8002C43F1 /* ViewController.swift */; };
		024C72D5254ACFD8002C43F1 /* Main.storyboard in Resources */ = {isa = PBXBuildFile; fileRef = 024C72D3254ACFD8002C43F1 /* Main.storyboard */; };
		024C72D7254ACFDD002C43F1 /* Assets.xcassets in Resources */ = {isa = PBXBuildFile; fileRef = 024C72D6254ACFDD002C43F1 /* Assets.xcassets */; };
		024C72DA254ACFDD002C43F1 /* LaunchScreen.storyboard in Resources */ = {isa = PBXBuildFile; fileRef = 024C72D8254ACFDD002C43F1 /* LaunchScreen.storyboard */; };
		024C72E5254ACFDE002C43F1 /* ARMeasureTests.swift in Sources */ = {isa = PBXBuildFile; fileRef = 024C72E4254ACFDE002C43F1 /* ARMeasureTests.swift */; };
		024C72F0254ACFDE002C43F1 /* ARMeasureUITests.swift in Sources */ = {isa = PBXBuildFile; fileRef = 024C72EF254ACFDE002C43F1 /* ARMeasureUITests.swift */; };
/* End PBXBuildFile section */

/* Begin PBXContainerItemProxy section */
		024C72E1254ACFDE002C43F1 /* PBXContainerItemProxy */ = {
			isa = PBXContainerItemProxy;
			containerPortal = 024C72C2254ACFD8002C43F1 /* Project object */;
			proxyType = 1;
			remoteGlobalIDString = 024C72C9254ACFD8002C43F1;
			remoteInfo = ARMeasure;
		};
		024C72EC254ACFDE002C43F1 /* PBXContainerItemProxy */ = {
			isa = PBXContainerItemProxy;
			containerPortal = 024C72C2254ACFD8002C43F1 /* Project object */;
			proxyType = 1;
			remoteGlobalIDString = 024C72C9254ACFD8002C43F1;
			remoteInfo = ARMeasure;
		};
/* End PBXContainerItemProxy section */

/* Begin PBXFileReference section */
		024C72CA254ACFD8002C43F1 /* ARMeasure.app */ = {isa = PBXFileReference; explicitFileType = wrapper.application; includeInIndex = 0; path = ARMeasure.app; sourceTree = BUILT_PRODUCTS_DIR; };
		024C72CD254ACFD8002C43F1 /* AppDelegate.swift */ = {isa = PBXFileReference; lastKnownFileType = sourcecode.swift; path = AppDelegate.swift; sourceTree = "<group>"; };
		024C72CF254ACFD8002C43F1 /* art.scnassets */ = {isa = PBXFileReference; lastKnownFileType = wrapper.scnassets; path = art.scnassets; sourceTree = "<group>"; };
		024C72D1254ACFD8002C43F1 /* ViewController.swift */ = {isa = PBXFileReference; lastKnownFileType = sourcecode.swift; path = ViewController.swift; sourceTree = "<group>"; };
		024C72D4254ACFD8002C43F1 /* Base */ = {isa = PBXFileReference; lastKnownFileType = file.storyboard; name = Base; path = Base.lproj/Main.storyboard; sourceTree = "<group>"; };
		024C72D6254ACFDD002C43F1 /* Assets.xcassets */ = {isa = PBXFileReference; lastKnownFileType = folder.assetcatalog; path = Assets.xcassets; sourceTree = "<group>"; };
		024C72D9254ACFDD002C43F1 /* Base */ = {isa = PBXFileReference; lastKnownFileType = file.storyboard; name = Base; path = Base.lproj/LaunchScreen.storyboard; sourceTree = "<group>"; };
		024C72DB254ACFDD002C43F1 /* Info.plist */ = {isa = PBXFileReference; lastKnownFileType = text.plist.xml; path = Info.plist; sourceTree = "<group>"; };
		024C72E0254ACFDE002C43F1 /* ARMeasureTests.xctest */ = {isa = PBXFileReference; explicitFileType = wrapper.cfbundle; includeInIndex = 0; path = ARMeasureTests.xctest; sourceTree = BUILT_PRODUCTS_DIR; };
		024C72E4254ACFDE002C43F1 /* ARMeasureTests.swift */ = {isa = PBXFileReference; lastKnownFileType = sourcecode.swift; path = ARMeasureTests.swift; sourceTree = "<group>"; };
		024C72E6254ACFDE002C43F1 /* Info.plist */ = {isa = PBXFileReference; lastKnownFileType = text.plist.xml; path = Info.plist; sourceTree = "<group>"; };
		024C72EB254ACFDE002C43F1 /* ARMeasureUITests.xctest */ = {isa = PBXFileReference; explicitFileType = wrapper.cfbundle; includeInIndex = 0; path = ARMeasureUITests.xctest; sourceTree = BUILT_PRODUCTS_DIR; };
		024C72EF254ACFDE002C43F1 /* ARMeasureUITests.swift */ = {isa = PBXFileReference; lastKnownFileType = sourcecode.swift; path = ARMeasureUITests.swift; sourceTree = "<group>"; };
		024C72F1254ACFDE002C43F1 /* Info.plist */ = {isa = PBXFileReference; lastKnownFileType = text.plist.xml; path = Info.plist; sourceTree = "<group>"; };
/* End PBXFileReference section */

/* Begin PBXFrameworksBuildPhase section */
		024C72C7254ACFD8002C43F1 /* Frameworks */ = {
			isa = PBXFrameworksBuildPhase;
			buildActionMask = 2147483647;
			files = (
			);
			runOnlyForDeploymentPostprocessing = 0;
		};
		024C72DD254ACFDE002C43F1 /* Frameworks */ = {
			isa = PBXFrameworksBuildPhase;
			buildActionMask = 2147483647;
			files = (
			);
			runOnlyForDeploymentPostprocessing = 0;
		};
		024C72E8254ACFDE002C43F1 /* Frameworks */ = {
			isa = PBXFrameworksBuildPhase;
			buildActionMask = 2147483647;
			files = (
			);
			runOnlyForDeploymentPostprocessing = 0;
		};
/* End PBXFrameworksBuildPhase section */

/* Begin PBXGroup section */
		024C72C1254ACFD8002C43F1 = {
			isa = PBXGroup;
			children = (
				024C72CC254ACFD8002C43F1 /* ARMeasure */,
				024C72E3254ACFDE002C43F1 /* ARMeasureTests */,
				024C72EE254ACFDE002C43F1 /* ARMeasureUITests */,
				024C72CB254ACFD8002C43F1 /* Products */,
			);
			sourceTree = "<group>";
		};
		024C72CB254ACFD8002C43F1 /* Products */ = {
			isa = PBXGroup;
			children = (
				024C72CA254ACFD8002C43F1 /* ARMeasure.app */,
				024C72E0254ACFDE002C43F1 /* ARMeasureTests.xctest */,
				024C72EB254ACFDE002C43F1 /* ARMeasureUITests.xctest */,
			);
			name = Products;
			sourceTree = "<group>";
		};
		024C72CC254ACFD8002C43F1 /* ARMeasure */ = {
			isa = PBXGroup;
			children = (
				024C72CD254ACFD8002C43F1 /* AppDelegate.swift */,
				024C72CF254ACFD8002C43F1 /* art.scnassets */,
				024C72D1254ACFD8002C43F1 /* ViewController.swift */,
				024C72D3254ACFD8002C43F1 /* Main.storyboard */,
				024C72D6254ACFDD002C43F1 /* Assets.xcassets */,
				024C72D8254ACFDD002C43F1 /* LaunchScreen.storyboard */,
				024C72DB254ACFDD002C43F1 /* Info.plist */,
			);
			path = ARMeasure;
			sourceTree = "<group>";
		};
		024C72E3254ACFDE002C43F1 /* ARMeasureTests */ = {
			isa = PBXGroup;
			children = (
				024C72E4254ACFDE002C43F1 /* ARMeasureTests.swift */,
				024C72E6254ACFDE002C43F1 /* Info.plist */,
			);
			path = ARMeasureTests;
			sourceTree = "<group>";
		};
		024C72EE254ACFDE002C43F1 /* ARMeasureUITests */ = {
			isa = PBXGroup;
			children = (
				024C72EF254ACFDE002C43F1 /* ARMeasureUITests.swift */,
				024C72F1254ACFDE002C43F1 /* Info.plist */,
			);
			path = ARMeasureUITests;
			sourceTree = "<group>";
		};
/* End PBXGroup section */

/* Begin PBXNativeTarget section */
		024C72C9254ACFD8002C43F1 /* ARMeasure */ = {
			isa = PBXNativeTarget;
			buildConfigurationList = 024C72F4254ACFDE002C43F1 /* Build configuration list for PBXNativeTarget "ARMeasure" */;
			buildPhases = (
				024C72C6254ACFD8002C43F1 /* Sources */,
				024C72C7254ACFD8002C43F1 /* Frameworks */,
				024C72C8254ACFD8002C43F1 /* Resources */,
			);
			buildRules = (
			);
			dependencies = (
			);
			name = ARMeasure;
			productName = ARMeasure;
			productReference = 024C72CA254ACFD8002C43F1 /* ARMeasure.app */;
			productType = "com.apple.product-type.application";
		};
		024C72DF254ACFDE002C43F1 /* ARMeasureTests */ = {
			isa = PBXNativeTarget;
			buildConfigurationList = 024C72F7254ACFDE002C43F1 /* Build configuration list for PBXNativeTarget "ARMeasureTests" */;
			buildPhases = (
				024C72DC254ACFDE002C43F1 /* Sources */,
				024C72DD254ACFDE002C43F1 /* Frameworks */,
				024C72DE254ACFDE002C43F1 /* Resources */,
			);
			buildRules = (
			);
			dependencies = (
				024C72E2254ACFDE002C43F1 /* PBXTargetDependency */,
			);
			name = ARMeasureTests;
			productName = ARMeasureTests;
			productReference = 024C72E0254ACFDE002C43F1 /* ARMeasureTests.xctest */;
			productType = "com.apple.product-type.bundle.unit-test";
		};
		024C72EA254ACFDE002C43F1 /* ARMeasureUITests */ = {
			isa = PBXNativeTarget;
			buildConfigurationList = 024C72FA254ACFDE002C43F1 /* Build configuration list for PBXNativeTarget "ARMeasureUITests" */;
			buildPhases = (
				024C72E7254ACFDE002C43F1 /* Sources */,
				024C72E8254ACFDE002C43F1 /* Frameworks */,
				024C72E9254ACFDE002C43F1 /* Resources */,
			);
			buildRules = (
			);
			dependencies = (
				024C72ED254ACFDE002C43F1 /* PBXTargetDependency */,
			);
			name = ARMeasureUITests;
			productName = ARMeasureUITests;
			productReference = 024C72EB254ACFDE002C43F1 /* ARMeasureUITests.xctest */;
			productType = "com.apple.product-type.bundle.ui-testing";
		};
/* End PBXNativeTarget section */

/* Begin PBXProject section */
		024C72C2254ACFD8002C43F1 /* Project object */ = {
			isa = PBXProject;
			attributes = {
				LastSwiftUpdateCheck = 1210;
				LastUpgradeCheck = 1210;
				TargetAttributes = {
					024C72C9254ACFD8002C43F1 = {
						CreatedOnToolsVersion = 12.1;
					};
					024C72DF254ACFDE002C43F1 = {
						CreatedOnToolsVersion = 12.1;
						TestTargetID = 024C72C9254ACFD8002C43F1;
					};
					024C72EA254ACFDE002C43F1 = {
						CreatedOnToolsVersion = 12.1;
						TestTargetID = 024C72C9254ACFD8002C43F1;
					};
				};
			};
			buildConfigurationList = 024C72C5254ACFD8002C43F1 /* Build configuration list for PBXProject "ARMeasure" */;
			compatibilityVersion = "Xcode 9.3";
			developmentRegion = en;
			hasScannedForEncodings = 0;
			knownRegions = (
				en,
				Base,
			);
			mainGroup = 024C72C1254ACFD8002C43F1;
			productRefGroup = 024C72CB254ACFD8002C43F1 /* Products */;
			projectDirPath = "";
			projectRoot = "";
			targets = (
				024C72C9254ACFD8002C43F1 /* ARMeasure */,
				024C72DF254ACFDE002C43F1 /* ARMeasureTests */,
				024C72EA254ACFDE002C43F1 /* ARMeasureUITests */,
			);
		};
/* End PBXProject section */

/* Begin PBXResourcesBuildPhase section */
		024C72C8254ACFD8002C43F1 /* Resources */ = {
			isa = PBXResourcesBuildPhase;
			buildActionMask = 2147483647;
			files = (
				024C72D0254ACFD8002C43F1 /* art.scnassets in Resources */,
				024C72DA254ACFDD002C43F1 /* LaunchScreen.storyboard in Resources */,
				024C72D7254ACFDD002C43F1 /* Assets.xcassets in Resources */,
				024C72D5254ACFD8002C43F1 /* Main.storyboard in Resources */,
			);
			runOnlyForDeploymentPostprocessing = 0;
		};
		024C72DE254ACFDE002C43F1 /* Resources */ = {
			isa = PBXResourcesBuildPhase;
			buildActionMask = 2147483647;
			files = (
			);
			runOnlyForDeploymentPostprocessing = 0;
		};
		024C72E9254ACFDE002C43F1 /* Resources */ = {
			isa = PBXResourcesBuildPhase;
			buildActionMask = 2147483647;
			files = (
			);
			runOnlyForDeploymentPostprocessing = 0;
		};
/* End PBXResourcesBuildPhase section */

/* Begin PBXSourcesBuildPhase section */
		024C72C6254ACFD8002C43F1 /* Sources */ = {
			isa = PBXSourcesBuildPhase;
			buildActionMask = 2147483647;
			files = (
				024C72D2254ACFD8002C43F1 /* ViewController.swift in Sources */,
				024C72CE254ACFD8002C43F1 /* AppDelegate.swift in Sources */,
			);
			runOnlyForDeploymentPostprocessing = 0;
		};
		024C72DC254ACFDE002C43F1 /* Sources */ = {
			isa = PBXSourcesBuildPhase;
			buildActionMask = 2147483647;
			files = (
				024C72E5254ACFDE002C43F1 /* ARMeasureTests.swift in Sources */,
			);
			runOnlyForDeploymentPostprocessing = 0;
		};
		024C72E7254ACFDE002C43F1 /* Sources */ = {
			isa = PBXSourcesBuildPhase;
			buildActionMask = 2147483647;
			files = (
				024C72F0254ACFDE002C43F1 /* ARMeasureUITests.swift in Sources */,
			);
			runOnlyForDeploymentPostprocessing = 0;
		};
/* End PBXSourcesBuildPhase section */

/* Begin PBXTargetDependency section */
		024C72E2254ACFDE002C43F1 /* PBXTargetDependency */ = {
			isa = PBXTargetDependency;
			target = 024C72C9254ACFD8002C43F1 /* ARMeasure */;
			targetProxy = 024C72E1254ACFDE002C43F1 /* PBXContainerItemProxy */;
		};
		024C72ED254ACFDE002C43F1 /* PBXTargetDependency */ = {
			isa = PBXTargetDependency;
			target = 024C72C9254ACFD8002C43F1 /* ARMeasure */;
			targetProxy = 024C72EC254ACFDE002C43F1 /* PBXContainerItemProxy */;
		};
/* End PBXTargetDependency section */

/* Begin PBXVariantGroup section */
		024C72D3254ACFD8002C43F1 /* Main.storyboard */ = {
			isa = PBXVariantGroup;
			children = (
				024C72D4254ACFD8002C43F1 /* Base */,
			);
			name = Main.storyboard;
			sourceTree = "<group>";
		};
		024C72D8254ACFDD002C43F1 /* LaunchScreen.storyboard */ = {
			isa = PBXVariantGroup;
			children = (
				024C72D9254ACFDD002C43F1 /* Base */,
			);
			name = LaunchScreen.storyboard;
			sourceTree = "<group>";
		};
/* End PBXVariantGroup section */

/* Begin XCBuildConfiguration section */
		024C72F2254ACFDE002C43F1 /* Debug */ = {
			isa = XCBuildConfiguration;
			buildSettings = {
				ALWAYS_SEARCH_USER_PATHS = NO;
				CLANG_ANALYZER_NONNULL = YES;
				CLANG_ANALYZER_NUMBER_OBJECT_CONVERSION = YES_AGGRESSIVE;
				CLANG_CXX_LANGUAGE_STANDARD = "gnu++14";
				CLANG_CXX_LIBRARY = "libc++";
				CLANG_ENABLE_MODULES = YES;
				CLANG_ENABLE_OBJC_ARC = YES;
				CLANG_ENABLE_OBJC_WEAK = YES;
				CLANG_WARN_BLOCK_CAPTURE_AUTORELEASING = YES;
				CLANG_WARN_BOOL_CONVERSION = YES;
				CLANG_WARN_COMMA = YES;
				CLANG_WARN_CONSTANT_CONVERSION = YES;
				CLANG_WARN_DEPRECATED_OBJC_IMPLEMENTATIONS = YES;
				CLANG_WARN_DIRECT_OBJC_ISA_USAGE = YES_ERROR;
				CLANG_WARN_DOCUMENTATION_COMMENTS = YES;
				CLANG_WARN_EMPTY_BODY = YES;
				CLANG_WARN_ENUM_CONVERSION = YES;
				CLANG_WARN_INFINITE_RECURSION = YES;
				CLANG_WARN_INT_CONVERSION = YES;
				CLANG_WARN_NON_LITERAL_NULL_CONVERSION = YES;
				CLANG_WARN_OBJC_IMPLICIT_RETAIN_SELF = YES;
				CLANG_WARN_OBJC_LITERAL_CONVERSION = YES;
				CLANG_WARN_OBJC_ROOT_CLASS = YES_ERROR;
				CLANG_WARN_QUOTED_INCLUDE_IN_FRAMEWORK_HEADER = YES;
				CLANG_WARN_RANGE_LOOP_ANALYSIS = YES;
				CLANG_WARN_STRICT_PROTOTYPES = YES;
				CLANG_WARN_SUSPICIOUS_MOVE = YES;
				CLANG_WARN_UNGUARDED_AVAILABILITY = YES_AGGRESSIVE;
				CLANG_WARN_UNREACHABLE_CODE = YES;
				CLANG_WARN__DUPLICATE_METHOD_MATCH = YES;
				COPY_PHASE_STRIP = NO;
				DEBUG_INFORMATION_FORMAT = dwarf;
				ENABLE_STRICT_OBJC_MSGSEND = YES;
				ENABLE_TESTABILITY = YES;
				GCC_C_LANGUAGE_STANDARD = gnu11;
				GCC_DYNAMIC_NO_PIC = NO;
				GCC_NO_COMMON_BLOCKS = YES;
				GCC_OPTIMIZATION_LEVEL = 0;
				GCC_PREPROCESSOR_DEFINITIONS = (
					"DEBUG=1",
					"$(inherited)",
				);
				GCC_WARN_64_TO_32_BIT_CONVERSION = YES;
				GCC_WARN_ABOUT_RETURN_TYPE = YES_ERROR;
				GCC_WARN_UNDECLARED_SELECTOR = YES;
				GCC_WARN_UNINITIALIZED_AUTOS = YES_AGGRESSIVE;
				GCC_WARN_UNUSED_FUNCTION = YES;
				GCC_WARN_UNUSED_VARIABLE = YES;
				IPHONEOS_DEPLOYMENT_TARGET = 14.1;
				MTL_ENABLE_DEBUG_INFO = INCLUDE_SOURCE;
				MTL_FAST_MATH = YES;
				ONLY_ACTIVE_ARCH = YES;
				SDKROOT = iphoneos;
				SWIFT_ACTIVE_COMPILATION_CONDITIONS = DEBUG;
				SWIFT_OPTIMIZATION_LEVEL = "-Onone";
			};
			name = Debug;
		};
		024C72F3254ACFDE002C43F1 /* Release */ = {
			isa = XCBuildConfiguration;
			buildSettings = {
				ALWAYS_SEARCH_USER_PATHS = NO;
				CLANG_ANALYZER_NONNULL = YES;
				CLANG_ANALYZER_NUMBER_OBJECT_CONVERSION = YES_AGGRESSIVE;
				CLANG_CXX_LANGUAGE_STANDARD = "gnu++14";
				CLANG_CXX_LIBRARY = "libc++";
				CLANG_ENABLE_MODULES = YES;
				CLANG_ENABLE_OBJC_ARC = YES;
				CLANG_ENABLE_OBJC_WEAK = YES;
				CLANG_WARN_BLOCK_CAPTURE_AUTORELEASING = YES;
				CLANG_WARN_BOOL_CONVERSION = YES;
				CLANG_WARN_COMMA = YES;
				CLANG_WARN_CONSTANT_CONVERSION = YES;
				CLANG_WARN_DEPRECATED_OBJC_IMPLEMENTATIONS = YES;
				CLANG_WARN_DIRECT_OBJC_ISA_USAGE = YES_ERROR;
				CLANG_WARN_DOCUMENTATION_COMMENTS = YES;
				CLANG_WARN_EMPTY_BODY = YES;
				CLANG_WARN_ENUM_CONVERSION = YES;
				CLANG_WARN_INFINITE_RECURSION = YES;
				CLANG_WARN_INT_CONVERSION = YES;
				CLANG_WARN_NON_LITERAL_NULL_CONVERSION = YES;
				CLANG_WARN_OBJC_IMPLICIT_RETAIN_SELF = YES;
				CLANG_WARN_OBJC_LITERAL_CONVERSION = YES;
				CLANG_WARN_OBJC_ROOT_CLASS = YES_ERROR;
				CLANG_WARN_QUOTED_INCLUDE_IN_FRAMEWORK_HEADER = YES;
				CLANG_WARN_RANGE_LOOP_ANALYSIS = YES;
				CLANG_WARN_STRICT_PROTOTYPES = YES;
				CLANG_WARN_SUSPICIOUS_MOVE = YES;
				CLANG_WARN_UNGUARDED_AVAILABILITY = YES_AGGRESSIVE;
				CLANG_WARN_UNREACHABLE_CODE = YES;
				CLANG_WARN__DUPLICATE_METHOD_MATCH = YES;
				COPY_PHASE_STRIP = NO;
				DEBUG_INFORMATION_FORMAT = "dwarf-with-dsym";
				ENABLE_NS_ASSERTIONS = NO;
				ENABLE_STRICT_OBJC_MSGSEND = YES;
				GCC_C_LANGUAGE_STANDARD = gnu11;
				GCC_NO_COMMON_BLOCKS = YES;
				GCC_WARN_64_TO_32_BIT_CONVERSION = YES;
				GCC_WARN_ABOUT_RETURN_TYPE = YES_ERROR;
				GCC_WARN_UNDECLARED_SELECTOR = YES;
				GCC_WARN_UNINITIALIZED_AUTOS = YES_AGGRESSIVE;
				GCC_WARN_UNUSED_FUNCTION = YES;
				GCC_WARN_UNUSED_VARIABLE = YES;
				IPHONEOS_DEPLOYMENT_TARGET = 14.1;
				MTL_ENABLE_DEBUG_INFO = NO;
				MTL_FAST_MATH = YES;
				SDKROOT = iphoneos;
				SWIFT_COMPILATION_MODE = wholemodule;
				SWIFT_OPTIMIZATION_LEVEL = "-O";
				VALIDATE_PRODUCT = YES;
			};
			name = Release;
		};
		024C72F5254ACFDE002C43F1 /* Debug */ = {
			isa = XCBuildConfiguration;
			buildSettings = {
				ASSETCATALOG_COMPILER_APPICON_NAME = AppIcon;
				ASSETCATALOG_COMPILER_GLOBAL_ACCENT_COLOR_NAME = AccentColor;
				CODE_SIGN_STYLE = Automatic;
				DEVELOPMENT_TEAM = U2NJ8US68M;
				INFOPLIST_FILE = ARMeasure/Info.plist;
				LD_RUNPATH_SEARCH_PATHS = (
					"$(inherited)",
					"@executable_path/Frameworks",
				);
				PRODUCT_BUNDLE_IDENTIFIER = tcp.ARMeasure;
				PRODUCT_NAME = "$(TARGET_NAME)";
				SWIFT_VERSION = 5.0;
				TARGETED_DEVICE_FAMILY = "1,2";
			};
			name = Debug;
		};
		024C72F6254ACFDE002C43F1 /* Release */ = {
			isa = XCBuildConfiguration;
			buildSettings = {
				ASSETCATALOG_COMPILER_APPICON_NAME = AppIcon;
				ASSETCATALOG_COMPILER_GLOBAL_ACCENT_COLOR_NAME = AccentColor;
				CODE_SIGN_STYLE = Automatic;
				DEVELOPMENT_TEAM = U2NJ8US68M;
				INFOPLIST_FILE = ARMeasure/Info.plist;
				LD_RUNPATH_SEARCH_PATHS = (
					"$(inherited)",
					"@executable_path/Frameworks",
				);
				PRODUCT_BUNDLE_IDENTIFIER = tcp.ARMeasure;
				PRODUCT_NAME = "$(TARGET_NAME)";
				SWIFT_VERSION = 5.0;
				TARGETED_DEVICE_FAMILY = "1,2";
			};
			name = Release;
		};
		024C72F8254ACFDE002C43F1 /* Debug */ = {
			isa = XCBuildConfiguration;
			buildSettings = {
				ALWAYS_EMBED_SWIFT_STANDARD_LIBRARIES = YES;
				BUNDLE_LOADER = "$(TEST_HOST)";
				CODE_SIGN_STYLE = Automatic;
				DEVELOPMENT_TEAM = U2NJ8US68M;
				INFOPLIST_FILE = ARMeasureTests/Info.plist;
				IPHONEOS_DEPLOYMENT_TARGET = 14.1;
				LD_RUNPATH_SEARCH_PATHS = (
					"$(inherited)",
					"@executable_path/Frameworks",
					"@loader_path/Frameworks",
				);
				PRODUCT_BUNDLE_IDENTIFIER = tcp.ARMeasureTests;
				PRODUCT_NAME = "$(TARGET_NAME)";
				SWIFT_VERSION = 5.0;
				TARGETED_DEVICE_FAMILY = "1,2";
				TEST_HOST = "$(BUILT_PRODUCTS_DIR)/ARMeasure.app/ARMeasure";
			};
			name = Debug;
		};
		024C72F9254ACFDE002C43F1 /* Release */ = {
			isa = XCBuildConfiguration;
			buildSettings = {
				ALWAYS_EMBED_SWIFT_STANDARD_LIBRARIES = YES;
				BUNDLE_LOADER = "$(TEST_HOST)";
				CODE_SIGN_STYLE = Automatic;
				DEVELOPMENT_TEAM = U2NJ8US68M;
				INFOPLIST_FILE = ARMeasureTests/Info.plist;
				IPHONEOS_DEPLOYMENT_TARGET = 14.1;
				LD_RUNPATH_SEARCH_PATHS = (
					"$(inherited)",
					"@executable_path/Frameworks",
					"@loader_path/Frameworks",
				);
				PRODUCT_BUNDLE_IDENTIFIER = tcp.ARMeasureTests;
				PRODUCT_NAME = "$(TARGET_NAME)";
				SWIFT_VERSION = 5.0;
				TARGETED_DEVICE_FAMILY = "1,2";
				TEST_HOST = "$(BUILT_PRODUCTS_DIR)/ARMeasure.app/ARMeasure";
			};
			name = Release;
		};
		024C72FB254ACFDE002C43F1 /* Debug */ = {
			isa = XCBuildConfiguration;
			buildSettings = {
				ALWAYS_EMBED_SWIFT_STANDARD_LIBRARIES = YES;
				CODE_SIGN_STYLE = Automatic;
				DEVELOPMENT_TEAM = U2NJ8US68M;
				INFOPLIST_FILE = ARMeasureUITests/Info.plist;
				LD_RUNPATH_SEARCH_PATHS = (
					"$(inherited)",
					"@executable_path/Frameworks",
					"@loader_path/Frameworks",
				);
				PRODUCT_BUNDLE_IDENTIFIER = tcp.ARMeasureUITests;
				PRODUCT_NAME = "$(TARGET_NAME)";
				SWIFT_VERSION = 5.0;
				TARGETED_DEVICE_FAMILY = "1,2";
				TEST_TARGET_NAME = ARMeasure;
			};
			name = Debug;
		};
		024C72FC254ACFDE002C43F1 /* Release */ = {
			isa = XCBuildConfiguration;
			buildSettings = {
				ALWAYS_EMBED_SWIFT_STANDARD_LIBRARIES = YES;
				CODE_SIGN_STYLE = Automatic;
				DEVELOPMENT_TEAM = U2NJ8US68M;
				INFOPLIST_FILE = ARMeasureUITests/Info.plist;
				LD_RUNPATH_SEARCH_PATHS = (
					"$(inherited)",
					"@executable_path/Frameworks",
					"@loader_path/Frameworks",
				);
				PRODUCT_BUNDLE_IDENTIFIER = tcp.ARMeasureUITests;
				PRODUCT_NAME = "$(TARGET_NAME)";
				SWIFT_VERSION = 5.0;
				TARGETED_DEVICE_FAMILY = "1,2";
				TEST_TARGET_NAME = ARMeasure;
			};
			name = Release;
		};
/* End XCBuildConfiguration section */

/* Begin XCConfigurationList section */
		024C72C5254ACFD8002C43F1 /* Build configuration list for PBXProject "ARMeasure" */ = {
			isa = XCConfigurationList;
			buildConfigurations = (
				024C72F2254ACFDE002C43F1 /* Debug */,
				024C72F3254ACFDE002C43F1 /* Release */,
			);
			defaultConfigurationIsVisible = 0;
			defaultConfigurationName = Release;
		};
		024C72F4254ACFDE002C43F1 /* Build configuration list for PBXNativeTarget "ARMeasure" */ = {
			isa = XCConfigurationList;
			buildConfigurations = (
				024C72F5254ACFDE002C43F1 /* Debug */,
				024C72F6254ACFDE002C43F1 /* Release */,
			);
			defaultConfigurationIsVisible = 0;
			defaultConfigurationName = Release;
		};
		024C72F7254ACFDE002C43F1 /* Build configuration list for PBXNativeTarget "ARMeasureTests" */ = {
			isa = XCConfigurationList;
			buildConfigurations = (
				024C72F8254ACFDE002C43F1 /* Debug */,
				024C72F9254ACFDE002C43F1 /* Release */,
			);
			defaultConfigurationIsVisible = 0;
			defaultConfigurationName = Release;
		};
		024C72FA254ACFDE002C43F1 /* Build configuration list for PBXNativeTarget "ARMeasureUITests" */ = {
			isa = XCConfigurationList;
			buildConfigurations = (
				024C72FB254ACFDE002C43F1 /* Debug */,
				024C72FC254ACFDE002C43F1 /* Release */,
			);
			defaultConfigurationIsVisible = 0;
			defaultConfigurationName = Release;
		};
/* End XCConfigurationList section */
	};
	rootObject = 024C72C2254ACFD8002C43F1 /* Project object */;
}
